
Microsoft Visual Studio Solution File, Format Version 12.00
# Visual Studio Version 17
VisualStudioVersion = 17.9.34321.82
MinimumVisualStudioVersion = 10.0.40219.1
Project("{FAE04EC0-301F-11D3-BF4B-00C04F79EFBC}") = "Mangarr.Backend", "Mangarr.Backend\Mangarr.Backend.csproj", "{B66F07EB-903E-4527-B1BE-266A48101B62}"
EndProject
Project("{FAE04EC0-301F-11D3-BF4B-00C04F79EFBC}") = "Mangarr.Frontend", "Mangarr.Frontend\Mangarr.Frontend.csproj", "{4DDB62A8-B1D5-4D78-8010-248426F5B90C}"
EndProject
Project("{FAE04EC0-301F-11D3-BF4B-00C04F79EFBC}") = "Mangarr.Shared", "Mangarr.Shared\Mangarr.Shared.csproj", "{CE5C8FFF-63E8-4C40-9BB8-3BA2E263B4DA}"
EndProject
Project("{FAE04EC0-301F-11D3-BF4B-00C04F79EFBC}") = "Mangarr.Backend.Tests", "Mangarr.Backend.Tests\Mangarr.Backend.Tests.csproj", "{3E5EEB05-8CBB-46ED-A542-3999EC0A65A4}"
EndProject
Project("{FAE04EC0-301F-11D3-BF4B-00C04F79EFBC}") = "Mangarr.Playground", "Mangarr.Playground\Mangarr.Playground.csproj", "{E3639F4C-8BF4-4844-B34B-40D2C6B865EC}"
EndProject
Project("{2150E333-8FDC-42A3-9474-1A3956D46DE8}") = "Solution Items", "Solution Items", "{BABC8109-085E-43D6-9213-D72F7BE60B15}"
	ProjectSection(SolutionItems) = preProject
		docker-compose.yml = docker-compose.yml
	EndProjectSection
EndProject
Global
	GlobalSection(SolutionConfigurationPlatforms) = preSolution
		Debug|Any CPU = Debug|Any CPU
		Release|Any CPU = Release|Any CPU
	EndGlobalSection
	GlobalSection(ProjectConfigurationPlatforms) = postSolution
		{B66F07EB-903E-4527-B1BE-266A48101B62}.Debug|Any CPU.ActiveCfg = Debug|Any CPU
		{B66F07EB-903E-4527-B1BE-266A48101B62}.Debug|Any CPU.Build.0 = Debug|Any CPU
		{B66F07EB-903E-4527-B1BE-266A48101B62}.Release|Any CPU.ActiveCfg = Release|Any CPU
		{B66F07EB-903E-4527-B1BE-266A48101B62}.Release|Any CPU.Build.0 = Release|Any CPU
		{4DDB62A8-B1D5-4D78-8010-248426F5B90C}.Debug|Any CPU.ActiveCfg = Debug|Any CPU
		{4DDB62A8-B1D5-4D78-8010-248426F5B90C}.Debug|Any CPU.Build.0 = Debug|Any CPU
		{4DDB62A8-B1D5-4D78-8010-248426F5B90C}.Release|Any CPU.ActiveCfg = Release|Any CPU
		{4DDB62A8-B1D5-4D78-8010-248426F5B90C}.Release|Any CPU.Build.0 = Release|Any CPU
		{CE5C8FFF-63E8-4C40-9BB8-3BA2E263B4DA}.Debug|Any CPU.ActiveCfg = Debug|Any CPU
		{CE5C8FFF-63E8-4C40-9BB8-3BA2E263B4DA}.Debug|Any CPU.Build.0 = Debug|Any CPU
		{CE5C8FFF-63E8-4C40-9BB8-3BA2E263B4DA}.Release|Any CPU.ActiveCfg = Release|Any CPU
		{CE5C8FFF-63E8-4C40-9BB8-3BA2E263B4DA}.Release|Any CPU.Build.0 = Release|Any CPU
		{3E5EEB05-8CBB-46ED-A542-3999EC0A65A4}.Debug|Any CPU.ActiveCfg = Debug|Any CPU
		{3E5EEB05-8CBB-46ED-A542-3999EC0A65A4}.Debug|Any CPU.Build.0 = Debug|Any CPU
		{3E5EEB05-8CBB-46ED-A542-3999EC0A65A4}.Release|Any CPU.ActiveCfg = Release|Any CPU
		{3E5EEB05-8CBB-46ED-A542-3999EC0A65A4}.Release|Any CPU.Build.0 = Release|Any CPU
		{E3639F4C-8BF4-4844-B34B-40D2C6B865EC}.Debug|Any CPU.ActiveCfg = Debug|Any CPU
		{E3639F4C-8BF4-4844-B34B-40D2C6B865EC}.Debug|Any CPU.Build.0 = Debug|Any CPU
		{E3639F4C-8BF4-4844-B34B-40D2C6B865EC}.Release|Any CPU.ActiveCfg = Release|Any CPU
		{E3639F4C-8BF4-4844-B34B-40D2C6B865EC}.Release|Any CPU.Build.0 = Release|Any CPU
	EndGlobalSection
	GlobalSection(SolutionProperties) = preSolution
		HideSolutionNode = FALSE
	EndGlobalSection
	GlobalSection(NestedProjects) = preSolution
	EndGlobalSection
EndGlobal
